
Microsoft Visual Studio Solution File, Format Version 12.00
# Visual Studio Version 16
VisualStudioVersion = 16.0.29403.142
MinimumVisualStudioVersion = 10.0.40219.1
Project("{9A19103F-16F7-4668-BE54-9A1E7A4F7556}") = "LibrarySystem", "LibrarySystem\LibrarySystem.csproj", "{9D6D21F6-E751-4475-811D-E948FA1F28F1}"
EndProject
Project("{2150E333-8FDC-42A3-9474-1A3956D46DE8}") = "Solution Items", "Solution Items", "{C1F80D15-D760-4B78-B703-614CFBDC5280}"
	ProjectSection(SolutionItems) = preProject
		readme.txt = readme.txt
	EndProjectSection
EndProject
Global
	GlobalSection(SolutionConfigurationPlatforms) = preSolution
		Debug|Any CPU = Debug|Any CPU
		Release|Any CPU = Release|Any CPU
	EndGlobalSection
	GlobalSection(ProjectConfigurationPlatforms) = postSolution
		{9D6D21F6-E751-4475-811D-E948FA1F28F1}.Debug|Any CPU.ActiveCfg = Debug|Any CPU
		{9D6D21F6-E751-4475-811D-E948FA1F28F1}.Debug|Any CPU.Build.0 = Debug|Any CPU
		{9D6D21F6-E751-4475-811D-E948FA1F28F1}.Release|Any CPU.ActiveCfg = Release|Any CPU
		{9D6D21F6-E751-4475-811D-E948FA1F28F1}.Release|Any CPU.Build.0 = Release|Any CPU
	EndGlobalSection
	GlobalSection(SolutionProperties) = preSolution
		HideSolutionNode = FALSE
	EndGlobalSection
	GlobalSection(ExtensibilityGlobals) = postSolution
		SolutionGuid = {606298EB-56B7-4C02-89F8-5195FE16CD1B}
	EndGlobalSection
EndGlobal
