
Microsoft Visual Studio Solution File, Format Version 12.00
# Visual Studio Version 16
VisualStudioVersion = 16.0.29403.142
MinimumVisualStudioVersion = 10.0.40219.1
Project("{FAE04EC0-301F-11D3-BF4B-00C04F79EFBC}") = "LibrarySystem", "LibrarySystem\LibrarySystem.csproj", "{9D6D21F6-E751-4475-811D-E948FA1F28F1}"
EndProject
Global
	GlobalSection(SolutionConfigurationPlatforms) = preSolution
		Debug|Any CPU = Debug|Any CPU
		Release|Any CPU = Release|Any CPU
	EndGlobalSection
	GlobalSection(ProjectConfigurationPlatforms) = postSolution
		{9D6D21F6-E751-4475-811D-E948FA1F28F1}.Debug|Any CPU.ActiveCfg = Debug|Any CPU
		{9D6D21F6-E751-4475-811D-E948FA1F28F1}.Debug|Any CPU.Build.0 = Debug|Any CPU
		{9D6D21F6-E751-4475-811D-E948FA1F28F1}.Release|Any CPU.ActiveCfg = Release|Any CPU
		{9D6D21F6-E751-4475-811D-E948FA1F28F1}.Release|Any CPU.Build.0 = Release|Any CPU
	EndGlobalSection
	GlobalSection(SolutionProperties) = preSolution
		HideSolutionNode = FALSE
	EndGlobalSection
	GlobalSection(ExtensibilityGlobals) = postSolution
		SolutionGuid = {606298EB-56B7-4C02-89F8-5195FE16CD1B}
	EndGlobalSection
EndGlobal
